// !$*UTF8*$!
{
	archiveVersion = 1;
	classes = {
	};
	objectVersion = 50;
	objects = {

/* Begin PBXBuildFile section */
		7245D547282A32C300DCEA57 /* KategoriCollectionViewCell.swift in Sources */ = {isa = PBXBuildFile; fileRef = 7245D546282A32C300DCEA57 /* KategoriCollectionViewCell.swift */; };
		7245D54A282A335000DCEA57 /* AnasayfaViewController.swift in Sources */ = {isa = PBXBuildFile; fileRef = 7245D549282A335000DCEA57 /* AnasayfaViewController.swift */; };
		72A2925828281273001FD25F /* AppDelegate.swift in Sources */ = {isa = PBXBuildFile; fileRef = 72A2925728281273001FD25F /* AppDelegate.swift */; };
		72A2925A28281273001FD25F /* SceneDelegate.swift in Sources */ = {isa = PBXBuildFile; fileRef = 72A2925928281273001FD25F /* SceneDelegate.swift */; };
		72A2925F28281273001FD25F /* Main.storyboard in Resources */ = {isa = PBXBuildFile; fileRef = 72A2925D28281273001FD25F /* Main.storyboard */; };
		72A2926128281275001FD25F /* Assets.xcassets in Resources */ = {isa = PBXBuildFile; fileRef = 72A2926028281275001FD25F /* Assets.xcassets */; };
		72A2926428281275001FD25F /* LaunchScreen.storyboard in Resources */ = {isa = PBXBuildFile; fileRef = 72A2926228281275001FD25F /* LaunchScreen.storyboard */; };
		DC875621282940AF005DDF47 /* GirisYapViewController.swift in Sources */ = {isa = PBXBuildFile; fileRef = DC875620282940AF005DDF47 /* GirisYapViewController.swift */; };
		DC875624282941BD005DDF47 /* UyeOlViewController.swift in Sources */ = {isa = PBXBuildFile; fileRef = DC875623282941BD005DDF47 /* UyeOlViewController.swift */; };
		DCD36A882829523E00A51496 /* ViewController.swift in Sources */ = {isa = PBXBuildFile; fileRef = DCD36A872829523E00A51496 /* ViewController.swift */; };
		DCD36A92282958E100A51496 /* UrunAyarlariViewController.swift in Sources */ = {isa = PBXBuildFile; fileRef = DCD36A91282958E100A51496 /* UrunAyarlariViewController.swift */; };
		DCD36A9528295D3700A51496 /* KategoriEkleViewController.swift in Sources */ = {isa = PBXBuildFile; fileRef = DCD36A9428295D3700A51496 /* KategoriEkleViewController.swift */; };
		DCD36A9D282962A800A51496 /* UrunEkleViewController.swift in Sources */ = {isa = PBXBuildFile; fileRef = DCD36A9C282962A800A51496 /* UrunEkleViewController.swift */; };
		DCD36AA02829657000A51496 /* UrunGuncelleViewController.swift in Sources */ = {isa = PBXBuildFile; fileRef = DCD36A9F2829657000A51496 /* UrunGuncelleViewController.swift */; };
		DCD36AA32829676300A51496 /* UrunSilViewController.swift in Sources */ = {isa = PBXBuildFile; fileRef = DCD36AA22829676300A51496 /* UrunSilViewController.swift */; };
		DCD36AA62829714300A51496 /* OdemeYapViewController.swift in Sources */ = {isa = PBXBuildFile; fileRef = DCD36AA52829714300A51496 /* OdemeYapViewController.swift */; };
		DCD36AAA2829750600A51496 /* ProfileViewController.swift in Sources */ = {isa = PBXBuildFile; fileRef = DCD36AA92829750600A51496 /* ProfileViewController.swift */; };
/* End PBXBuildFile section */

/* Begin PBXFileReference section */
		7245D546282A32C300DCEA57 /* KategoriCollectionViewCell.swift */ = {isa = PBXFileReference; lastKnownFileType = sourcecode.swift; path = KategoriCollectionViewCell.swift; sourceTree = "<group>"; };
		7245D549282A335000DCEA57 /* AnasayfaViewController.swift */ = {isa = PBXFileReference; lastKnownFileType = sourcecode.swift; path = AnasayfaViewController.swift; sourceTree = "<group>"; };
		72A2925428281273001FD25F /* YeAppIOS.app */ = {isa = PBXFileReference; explicitFileType = wrapper.application; includeInIndex = 0; path = YeAppIOS.app; sourceTree = BUILT_PRODUCTS_DIR; };
		72A2925728281273001FD25F /* AppDelegate.swift */ = {isa = PBXFileReference; lastKnownFileType = sourcecode.swift; path = AppDelegate.swift; sourceTree = "<group>"; };
		72A2925928281273001FD25F /* SceneDelegate.swift */ = {isa = PBXFileReference; lastKnownFileType = sourcecode.swift; path = SceneDelegate.swift; sourceTree = "<group>"; };
		72A2925E28281273001FD25F /* Base */ = {isa = PBXFileReference; lastKnownFileType = file.storyboard; name = Base; path = Base.lproj/Main.storyboard; sourceTree = "<group>"; };
		72A2926028281275001FD25F /* Assets.xcassets */ = {isa = PBXFileReference; lastKnownFileType = folder.assetcatalog; path = Assets.xcassets; sourceTree = "<group>"; };
		72A2926328281275001FD25F /* Base */ = {isa = PBXFileReference; lastKnownFileType = file.storyboard; name = Base; path = Base.lproj/LaunchScreen.storyboard; sourceTree = "<group>"; };
		72A2926528281275001FD25F /* Info.plist */ = {isa = PBXFileReference; lastKnownFileType = text.plist.xml; path = Info.plist; sourceTree = "<group>"; };
		DC875620282940AF005DDF47 /* GirisYapViewController.swift */ = {isa = PBXFileReference; lastKnownFileType = sourcecode.swift; path = GirisYapViewController.swift; sourceTree = "<group>"; };
		DC875623282941BD005DDF47 /* UyeOlViewController.swift */ = {isa = PBXFileReference; lastKnownFileType = sourcecode.swift; path = UyeOlViewController.swift; sourceTree = "<group>"; };
		DCD36A872829523E00A51496 /* ViewController.swift */ = {isa = PBXFileReference; lastKnownFileType = sourcecode.swift; path = ViewController.swift; sourceTree = "<group>"; };
		DCD36A91282958E100A51496 /* UrunAyarlariViewController.swift */ = {isa = PBXFileReference; lastKnownFileType = sourcecode.swift; path = UrunAyarlariViewController.swift; sourceTree = "<group>"; };
		DCD36A9428295D3700A51496 /* KategoriEkleViewController.swift */ = {isa = PBXFileReference; lastKnownFileType = sourcecode.swift; path = KategoriEkleViewController.swift; sourceTree = "<group>"; };
		DCD36A9C282962A800A51496 /* UrunEkleViewController.swift */ = {isa = PBXFileReference; lastKnownFileType = sourcecode.swift; path = UrunEkleViewController.swift; sourceTree = "<group>"; };
		DCD36A9F2829657000A51496 /* UrunGuncelleViewController.swift */ = {isa = PBXFileReference; lastKnownFileType = sourcecode.swift; path = UrunGuncelleViewController.swift; sourceTree = "<group>"; };
		DCD36AA22829676300A51496 /* UrunSilViewController.swift */ = {isa = PBXFileReference; lastKnownFileType = sourcecode.swift; path = UrunSilViewController.swift; sourceTree = "<group>"; };
		DCD36AA52829714300A51496 /* OdemeYapViewController.swift */ = {isa = PBXFileReference; lastKnownFileType = sourcecode.swift; path = OdemeYapViewController.swift; sourceTree = "<group>"; };
		DCD36AA92829750600A51496 /* ProfileViewController.swift */ = {isa = PBXFileReference; lastKnownFileType = sourcecode.swift; path = ProfileViewController.swift; sourceTree = "<group>"; };
/* End PBXFileReference section */

/* Begin PBXFrameworksBuildPhase section */
		72A2925128281273001FD25F /* Frameworks */ = {
			isa = PBXFrameworksBuildPhase;
			buildActionMask = 2147483647;
			files = (
			);
			runOnlyForDeploymentPostprocessing = 0;
		};
/* End PBXFrameworksBuildPhase section */

/* Begin PBXGroup section */
		72A2924B28281273001FD25F = {
			isa = PBXGroup;
			children = (
				72A2925628281273001FD25F /* YeAppIOS */,
				72A2925528281273001FD25F /* Products */,
			);
			sourceTree = "<group>";
		};
		72A2925528281273001FD25F /* Products */ = {
			isa = PBXGroup;
			children = (
				72A2925428281273001FD25F /* YeAppIOS.app */,
			);
			name = Products;
			sourceTree = "<group>";
		};
		72A2925628281273001FD25F /* YeAppIOS */ = {
			isa = PBXGroup;
			children = (
				72A2925728281273001FD25F /* AppDelegate.swift */,
				72A2925928281273001FD25F /* SceneDelegate.swift */,
				72A2925D28281273001FD25F /* Main.storyboard */,
				72A2926028281275001FD25F /* Assets.xcassets */,
				72A2926228281275001FD25F /* LaunchScreen.storyboard */,
				72A2926528281275001FD25F /* Info.plist */,
				DC875620282940AF005DDF47 /* GirisYapViewController.swift */,
				DC875623282941BD005DDF47 /* UyeOlViewController.swift */,
				DCD36A872829523E00A51496 /* ViewController.swift */,
				DCD36A91282958E100A51496 /* UrunAyarlariViewController.swift */,
				DCD36A9428295D3700A51496 /* KategoriEkleViewController.swift */,
				DCD36A9C282962A800A51496 /* UrunEkleViewController.swift */,
				DCD36A9F2829657000A51496 /* UrunGuncelleViewController.swift */,
				DCD36AA22829676300A51496 /* UrunSilViewController.swift */,
				DCD36AA52829714300A51496 /* OdemeYapViewController.swift */,
				DCD36AA92829750600A51496 /* ProfileViewController.swift */,
				7245D546282A32C300DCEA57 /* KategoriCollectionViewCell.swift */,
				7245D549282A335000DCEA57 /* AnasayfaViewController.swift */,
			);
			path = YeAppIOS;
			sourceTree = "<group>";
		};
/* End PBXGroup section */

/* Begin PBXNativeTarget section */
		72A2925328281273001FD25F /* YeAppIOS */ = {
			isa = PBXNativeTarget;
			buildConfigurationList = 72A2926828281275001FD25F /* Build configuration list for PBXNativeTarget "YeAppIOS" */;
			buildPhases = (
				72A2925028281273001FD25F /* Sources */,
				72A2925128281273001FD25F /* Frameworks */,
				72A2925228281273001FD25F /* Resources */,
			);
			buildRules = (
			);
			dependencies = (
			);
			name = YeAppIOS;
			productName = YeAppIOS;
			productReference = 72A2925428281273001FD25F /* YeAppIOS.app */;
			productType = "com.apple.product-type.application";
		};
/* End PBXNativeTarget section */

/* Begin PBXProject section */
		72A2924C28281273001FD25F /* Project object */ = {
			isa = PBXProject;
			attributes = {
				LastSwiftUpdateCheck = 1240;
				LastUpgradeCheck = 1240;
				TargetAttributes = {
					72A2925328281273001FD25F = {
						CreatedOnToolsVersion = 12.4;
					};
				};
			};
			buildConfigurationList = 72A2924F28281273001FD25F /* Build configuration list for PBXProject "YeAppIOS" */;
			compatibilityVersion = "Xcode 9.3";
			developmentRegion = en;
			hasScannedForEncodings = 0;
			knownRegions = (
				en,
				Base,
			);
			mainGroup = 72A2924B28281273001FD25F;
			productRefGroup = 72A2925528281273001FD25F /* Products */;
			projectDirPath = "";
			projectRoot = "";
			targets = (
				72A2925328281273001FD25F /* YeAppIOS */,
			);
		};
/* End PBXProject section */

/* Begin PBXResourcesBuildPhase section */
		72A2925228281273001FD25F /* Resources */ = {
			isa = PBXResourcesBuildPhase;
			buildActionMask = 2147483647;
			files = (
				72A2926428281275001FD25F /* LaunchScreen.storyboard in Resources */,
				72A2926128281275001FD25F /* Assets.xcassets in Resources */,
				72A2925F28281273001FD25F /* Main.storyboard in Resources */,
			);
			runOnlyForDeploymentPostprocessing = 0;
		};
/* End PBXResourcesBuildPhase section */

/* Begin PBXSourcesBuildPhase section */
		72A2925028281273001FD25F /* Sources */ = {
			isa = PBXSourcesBuildPhase;
			buildActionMask = 2147483647;
			files = (
				DCD36A92282958E100A51496 /* UrunAyarlariViewController.swift in Sources */,
				DCD36A882829523E00A51496 /* ViewController.swift in Sources */,
				DCD36A9D282962A800A51496 /* UrunEkleViewController.swift in Sources */,
				DCD36A9528295D3700A51496 /* KategoriEkleViewController.swift in Sources */,
				DC875624282941BD005DDF47 /* UyeOlViewController.swift in Sources */,
				72A2925828281273001FD25F /* AppDelegate.swift in Sources */,
				7245D54A282A335000DCEA57 /* AnasayfaViewController.swift in Sources */,
				7245D547282A32C300DCEA57 /* KategoriCollectionViewCell.swift in Sources */,
				DCD36AAA2829750600A51496 /* ProfileViewController.swift in Sources */,
				DC875621282940AF005DDF47 /* GirisYapViewController.swift in Sources */,
				DCD36AA02829657000A51496 /* UrunGuncelleViewController.swift in Sources */,
				72A2925A28281273001FD25F /* SceneDelegate.swift in Sources */,
				DCD36AA62829714300A51496 /* OdemeYapViewController.swift in Sources */,
				DCD36AA32829676300A51496 /* UrunSilViewController.swift in Sources */,
			);
			runOnlyForDeploymentPostprocessing = 0;
		};
/* End PBXSourcesBuildPhase section */

/* Begin PBXVariantGroup section */
		72A2925D28281273001FD25F /* Main.storyboard */ = {
			isa = PBXVariantGroup;
			children = (
				72A2925E28281273001FD25F /* Base */,
			);
			name = Main.storyboard;
			sourceTree = "<group>";
		};
		72A2926228281275001FD25F /* LaunchScreen.storyboard */ = {
			isa = PBXVariantGroup;
			children = (
				72A2926328281275001FD25F /* Base */,
			);
			name = LaunchScreen.storyboard;
			sourceTree = "<group>";
		};
/* End PBXVariantGroup section */

/* Begin XCBuildConfiguration section */
		72A2926628281275001FD25F /* Debug */ = {
			isa = XCBuildConfiguration;
			buildSettings = {
				ALWAYS_SEARCH_USER_PATHS = NO;
				CLANG_ANALYZER_NONNULL = YES;
				CLANG_ANALYZER_NUMBER_OBJECT_CONVERSION = YES_AGGRESSIVE;
				CLANG_CXX_LANGUAGE_STANDARD = "gnu++14";
				CLANG_CXX_LIBRARY = "libc++";
				CLANG_ENABLE_MODULES = YES;
				CLANG_ENABLE_OBJC_ARC = YES;
				CLANG_ENABLE_OBJC_WEAK = YES;
				CLANG_WARN_BLOCK_CAPTURE_AUTORELEASING = YES;
				CLANG_WARN_BOOL_CONVERSION = YES;
				CLANG_WARN_COMMA = YES;
				CLANG_WARN_CONSTANT_CONVERSION = YES;
				CLANG_WARN_DEPRECATED_OBJC_IMPLEMENTATIONS = YES;
				CLANG_WARN_DIRECT_OBJC_ISA_USAGE = YES_ERROR;
				CLANG_WARN_DOCUMENTATION_COMMENTS = YES;
				CLANG_WARN_EMPTY_BODY = YES;
				CLANG_WARN_ENUM_CONVERSION = YES;
				CLANG_WARN_INFINITE_RECURSION = YES;
				CLANG_WARN_INT_CONVERSION = YES;
				CLANG_WARN_NON_LITERAL_NULL_CONVERSION = YES;
				CLANG_WARN_OBJC_IMPLICIT_RETAIN_SELF = YES;
				CLANG_WARN_OBJC_LITERAL_CONVERSION = YES;
				CLANG_WARN_OBJC_ROOT_CLASS = YES_ERROR;
				CLANG_WARN_QUOTED_INCLUDE_IN_FRAMEWORK_HEADER = YES;
				CLANG_WARN_RANGE_LOOP_ANALYSIS = YES;
				CLANG_WARN_STRICT_PROTOTYPES = YES;
				CLANG_WARN_SUSPICIOUS_MOVE = YES;
				CLANG_WARN_UNGUARDED_AVAILABILITY = YES_AGGRESSIVE;
				CLANG_WARN_UNREACHABLE_CODE = YES;
				CLANG_WARN__DUPLICATE_METHOD_MATCH = YES;
				COPY_PHASE_STRIP = NO;
				DEBUG_INFORMATION_FORMAT = dwarf;
				ENABLE_STRICT_OBJC_MSGSEND = YES;
				ENABLE_TESTABILITY = YES;
				GCC_C_LANGUAGE_STANDARD = gnu11;
				GCC_DYNAMIC_NO_PIC = NO;
				GCC_NO_COMMON_BLOCKS = YES;
				GCC_OPTIMIZATION_LEVEL = 0;
				GCC_PREPROCESSOR_DEFINITIONS = (
					"DEBUG=1",
					"$(inherited)",
				);
				GCC_WARN_64_TO_32_BIT_CONVERSION = YES;
				GCC_WARN_ABOUT_RETURN_TYPE = YES_ERROR;
				GCC_WARN_UNDECLARED_SELECTOR = YES;
				GCC_WARN_UNINITIALIZED_AUTOS = YES_AGGRESSIVE;
				GCC_WARN_UNUSED_FUNCTION = YES;
				GCC_WARN_UNUSED_VARIABLE = YES;
				IPHONEOS_DEPLOYMENT_TARGET = 14.4;
				MTL_ENABLE_DEBUG_INFO = INCLUDE_SOURCE;
				MTL_FAST_MATH = YES;
				ONLY_ACTIVE_ARCH = YES;
				SDKROOT = iphoneos;
				SWIFT_ACTIVE_COMPILATION_CONDITIONS = DEBUG;
				SWIFT_OPTIMIZATION_LEVEL = "-Onone";
			};
			name = Debug;
		};
		72A2926728281275001FD25F /* Release */ = {
			isa = XCBuildConfiguration;
			buildSettings = {
				ALWAYS_SEARCH_USER_PATHS = NO;
				CLANG_ANALYZER_NONNULL = YES;
				CLANG_ANALYZER_NUMBER_OBJECT_CONVERSION = YES_AGGRESSIVE;
				CLANG_CXX_LANGUAGE_STANDARD = "gnu++14";
				CLANG_CXX_LIBRARY = "libc++";
				CLANG_ENABLE_MODULES = YES;
				CLANG_ENABLE_OBJC_ARC = YES;
				CLANG_ENABLE_OBJC_WEAK = YES;
				CLANG_WARN_BLOCK_CAPTURE_AUTORELEASING = YES;
				CLANG_WARN_BOOL_CONVERSION = YES;
				CLANG_WARN_COMMA = YES;
				CLANG_WARN_CONSTANT_CONVERSION = YES;
				CLANG_WARN_DEPRECATED_OBJC_IMPLEMENTATIONS = YES;
				CLANG_WARN_DIRECT_OBJC_ISA_USAGE = YES_ERROR;
				CLANG_WARN_DOCUMENTATION_COMMENTS = YES;
				CLANG_WARN_EMPTY_BODY = YES;
				CLANG_WARN_ENUM_CONVERSION = YES;
				CLANG_WARN_INFINITE_RECURSION = YES;
				CLANG_WARN_INT_CONVERSION = YES;
				CLANG_WARN_NON_LITERAL_NULL_CONVERSION = YES;
				CLANG_WARN_OBJC_IMPLICIT_RETAIN_SELF = YES;
				CLANG_WARN_OBJC_LITERAL_CONVERSION = YES;
				CLANG_WARN_OBJC_ROOT_CLASS = YES_ERROR;
				CLANG_WARN_QUOTED_INCLUDE_IN_FRAMEWORK_HEADER = YES;
				CLANG_WARN_RANGE_LOOP_ANALYSIS = YES;
				CLANG_WARN_STRICT_PROTOTYPES = YES;
				CLANG_WARN_SUSPICIOUS_MOVE = YES;
				CLANG_WARN_UNGUARDED_AVAILABILITY = YES_AGGRESSIVE;
				CLANG_WARN_UNREACHABLE_CODE = YES;
				CLANG_WARN__DUPLICATE_METHOD_MATCH = YES;
				COPY_PHASE_STRIP = NO;
				DEBUG_INFORMATION_FORMAT = "dwarf-with-dsym";
				ENABLE_NS_ASSERTIONS = NO;
				ENABLE_STRICT_OBJC_MSGSEND = YES;
				GCC_C_LANGUAGE_STANDARD = gnu11;
				GCC_NO_COMMON_BLOCKS = YES;
				GCC_WARN_64_TO_32_BIT_CONVERSION = YES;
				GCC_WARN_ABOUT_RETURN_TYPE = YES_ERROR;
				GCC_WARN_UNDECLARED_SELECTOR = YES;
				GCC_WARN_UNINITIALIZED_AUTOS = YES_AGGRESSIVE;
				GCC_WARN_UNUSED_FUNCTION = YES;
				GCC_WARN_UNUSED_VARIABLE = YES;
				IPHONEOS_DEPLOYMENT_TARGET = 14.4;
				MTL_ENABLE_DEBUG_INFO = NO;
				MTL_FAST_MATH = YES;
				SDKROOT = iphoneos;
				SWIFT_COMPILATION_MODE = wholemodule;
				SWIFT_OPTIMIZATION_LEVEL = "-O";
				VALIDATE_PRODUCT = YES;
			};
			name = Release;
		};
		72A2926928281275001FD25F /* Debug */ = {
			isa = XCBuildConfiguration;
			buildSettings = {
				ASSETCATALOG_COMPILER_APPICON_NAME = AppIcon;
				ASSETCATALOG_COMPILER_GLOBAL_ACCENT_COLOR_NAME = AccentColor;
				CODE_SIGN_STYLE = Automatic;
				DEVELOPMENT_TEAM = U2UMZV9Q5P;
				INFOPLIST_FILE = YeAppIOS/Info.plist;
				LD_RUNPATH_SEARCH_PATHS = (
					"$(inherited)",
					"@executable_path/Frameworks",
				);
				PRODUCT_BUNDLE_IDENTIFIER = com.erayterin.YeAppIOS;
				PRODUCT_NAME = "$(TARGET_NAME)";
				SWIFT_VERSION = 5.0;
				TARGETED_DEVICE_FAMILY = "1,2";
			};
			name = Debug;
		};
		72A2926A28281275001FD25F /* Release */ = {
			isa = XCBuildConfiguration;
			buildSettings = {
				ASSETCATALOG_COMPILER_APPICON_NAME = AppIcon;
				ASSETCATALOG_COMPILER_GLOBAL_ACCENT_COLOR_NAME = AccentColor;
				CODE_SIGN_STYLE = Automatic;
				DEVELOPMENT_TEAM = U2UMZV9Q5P;
				INFOPLIST_FILE = YeAppIOS/Info.plist;
				LD_RUNPATH_SEARCH_PATHS = (
					"$(inherited)",
					"@executable_path/Frameworks",
				);
				PRODUCT_BUNDLE_IDENTIFIER = com.erayterin.YeAppIOS;
				PRODUCT_NAME = "$(TARGET_NAME)";
				SWIFT_VERSION = 5.0;
				TARGETED_DEVICE_FAMILY = "1,2";
			};
			name = Release;
		};
/* End XCBuildConfiguration section */

/* Begin XCConfigurationList section */
		72A2924F28281273001FD25F /* Build configuration list for PBXProject "YeAppIOS" */ = {
			isa = XCConfigurationList;
			buildConfigurations = (
				72A2926628281275001FD25F /* Debug */,
				72A2926728281275001FD25F /* Release */,
			);
			defaultConfigurationIsVisible = 0;
			defaultConfigurationName = Release;
		};
		72A2926828281275001FD25F /* Build configuration list for PBXNativeTarget "YeAppIOS" */ = {
			isa = XCConfigurationList;
			buildConfigurations = (
				72A2926928281275001FD25F /* Debug */,
				72A2926A28281275001FD25F /* Release */,
			);
			defaultConfigurationIsVisible = 0;
			defaultConfigurationName = Release;
		};
/* End XCConfigurationList section */
	};
	rootObject = 72A2924C28281273001FD25F /* Project object */;
}
